{
  "version": 4,
  "terraform_version": "1.3.2",
  "serial": 8,
  "lineage": "9fe23c30-b78b-bf6a-6c8c-0bd880080db5",
  "outputs": {},
  "resources": [
    {
      "mode": "data",
      "type": "digitalocean_ssh_key",
      "name": "jornada",
      "provider": "provider[\"registry.terraform.io/digitalocean/digitalocean\"]",
      "instances": [
        {
          "schema_version": 0,
          "attributes": {
            "fingerprint": "b6:55:99:8e:83:36:ba:b8:1f:9f:af:3a:28:b3:51:fe",
            "id": 36545301,
            "name": "jornada",
            "public_key": "ssh-rsa AAAAB3NzaC1yc2EAAAADAQABAAABAQDAPLq/jNsuXyuasydIIV+R3hMa0LEPVXXP7r7pwoifC2iPkwGocwTY34YF4xyUBygSSKWsn/2f6h+Z76P9ZHNmcswD9eOkEuN33juYjZoywzOSw1JSsvLp7ZBho0Xy8FWalw0sj69lVV+2yRL1NEQ9Uk6EWqO7901+d8ul3SYy9hHnskLEaNUXWGj/prbMonl23YAuJ3eqOk6n2RduW0GtHHiox70KKugmBZpKPG9uZynjA8FCnXYAG5EdDgkawyxagPrE6MJpmBToruu7zJUZdjodSAZbiqJgm4WdoRM+5Lez1Gm98SMJNlrwLkaLYcq7/Bc9xHnYW+rhfcFUDV79 ricar@Gaming3i"
          },
          "sensitive_attributes": []
        }
      ]
    },
    {
      "mode": "managed",
      "type": "digitalocean_droplet",
      "name": "jankiens_elite",
      "provider": "provider[\"registry.terraform.io/digitalocean/digitalocean\"]",
      "instances": [
        {
          "schema_version": 1,
          "attributes": {
            "backups": false,
            "created_at": "2022-10-21T20:19:03Z",
            "disk": 60,
            "droplet_agent": null,
            "graceful_shutdown": false,
            "id": "322256348",
            "image": "ubuntu-20-04-x64",
            "ipv4_address": "159.223.182.131",
            "ipv4_address_private": "10.116.0.3",
            "ipv6": false,
            "ipv6_address": "",
            "locked": false,
            "memory": 2048,
            "monitoring": false,
            "name": "jankiens-elite",
            "price_hourly": 0.02679,
            "price_monthly": 18,
            "private_networking": true,
            "region": "nyc1",
            "resize_disk": true,
            "size": "s-2vcpu-2gb",
            "ssh_keys": [
              "36545301"
            ],
            "status": "active",
            "tags": null,
            "timeouts": null,
            "urn": "do:droplet:322256348",
            "user_data": null,
            "vcpus": 2,
            "volume_ids": [],
            "vpc_uuid": "1c4fbe94-b2b6-4287-ab7a-39a918941cbf"
          },
          "sensitive_attributes": [],
          "private": "eyJlMmJmYjczMC1lY2FhLTExZTYtOGY4OC0zNDM2M2JjN2M0YzAiOnsiY3JlYXRlIjozNjAwMDAwMDAwMDAwLCJkZWxldGUiOjYwMDAwMDAwMDAwLCJ1cGRhdGUiOjM2MDAwMDAwMDAwMDB9LCJzY2hlbWFfdmVyc2lvbiI6IjEifQ==",
          "dependencies": [
            "data.digitalocean_ssh_key.jornada"
          ]
        }
      ]
    }
  ],
  "check_results": []
}
