{
  "version": 4,
  "terraform_version": "1.3.2",
  "serial": 12,
  "lineage": "9fe23c30-b78b-bf6a-6c8c-0bd880080db5",
  "outputs": {},
  "resources": [
    {
      "mode": "data",
      "type": "digitalocean_ssh_key",
      "name": "jornada",
      "provider": "provider[\"registry.terraform.io/digitalocean/digitalocean\"]",
      "instances": [
        {
          "schema_version": 0,
          "attributes": {
            "fingerprint": "b6:55:99:8e:83:36:ba:b8:1f:9f:af:3a:28:b3:51:fe",
            "id": 36545301,
            "name": "jornada",
            "public_key": "ssh-rsa AAAAB3NzaC1yc2EAAAADAQABAAABAQDAPLq/jNsuXyuasydIIV+R3hMa0LEPVXXP7r7pwoifC2iPkwGocwTY34YF4xyUBygSSKWsn/2f6h+Z76P9ZHNmcswD9eOkEuN33juYjZoywzOSw1JSsvLp7ZBho0Xy8FWalw0sj69lVV+2yRL1NEQ9Uk6EWqO7901+d8ul3SYy9hHnskLEaNUXWGj/prbMonl23YAuJ3eqOk6n2RduW0GtHHiox70KKugmBZpKPG9uZynjA8FCnXYAG5EdDgkawyxagPrE6MJpmBToruu7zJUZdjodSAZbiqJgm4WdoRM+5Lez1Gm98SMJNlrwLkaLYcq7/Bc9xHnYW+rhfcFUDV79 ricar@Gaming3i"
          },
          "sensitive_attributes": []
        }
      ]
    },
    {
      "mode": "managed",
      "type": "digitalocean_droplet",
      "name": "jankiens_elite",
      "provider": "provider[\"registry.terraform.io/digitalocean/digitalocean\"]",
      "instances": [
        {
          "schema_version": 1,
          "attributes": {
            "backups": false,
            "created_at": "2022-10-21T21:41:11Z",
            "disk": 60,
            "droplet_agent": null,
            "graceful_shutdown": false,
            "id": "322263284",
            "image": "ubuntu-20-04-x64",
            "ipv4_address": "147.182.221.183",
            "ipv4_address_private": "10.116.0.3",
            "ipv6": false,
            "ipv6_address": "",
            "locked": false,
            "memory": 2048,
            "monitoring": false,
            "name": "jankiens-elite",
            "price_hourly": 0.02679,
            "price_monthly": 18,
            "private_networking": true,
            "region": "nyc1",
            "resize_disk": true,
            "size": "s-2vcpu-2gb",
            "ssh_keys": [
              "36545301"
            ],
            "status": "active",
            "tags": null,
            "timeouts": null,
            "urn": "do:droplet:322263284",
            "user_data": null,
            "vcpus": 2,
            "volume_ids": [],
            "vpc_uuid": "1c4fbe94-b2b6-4287-ab7a-39a918941cbf"
          },
          "sensitive_attributes": [],
          "private": "eyJlMmJmYjczMC1lY2FhLTExZTYtOGY4OC0zNDM2M2JjN2M0YzAiOnsiY3JlYXRlIjozNjAwMDAwMDAwMDAwLCJkZWxldGUiOjYwMDAwMDAwMDAwLCJ1cGRhdGUiOjM2MDAwMDAwMDAwMDB9LCJzY2hlbWFfdmVyc2lvbiI6IjEifQ==",
          "dependencies": [
            "data.digitalocean_ssh_key.jornada"
          ]
        }
      ]
    },
    {
      "mode": "managed",
      "type": "digitalocean_kubernetes_cluster",
      "name": "elite",
      "provider": "provider[\"registry.terraform.io/digitalocean/digitalocean\"]",
      "instances": [
        {
          "schema_version": 3,
          "attributes": {
            "auto_upgrade": false,
            "cluster_subnet": "10.244.0.0/16",
            "created_at": "2022-10-21 21:41:12 +0000 UTC",
            "endpoint": "https://d9683081-a95e-473d-8dd8-b624b148f10c.k8s.ondigitalocean.com",
            "ha": false,
            "id": "d9683081-a95e-473d-8dd8-b624b148f10c",
            "ipv4_address": "",
            "kube_config": [
              {
                "client_certificate": "",
                "client_key": "",
                "cluster_ca_certificate": "LS0tLS1CRUdJTiBDRVJUSUZJQ0FURS0tLS0tCk1JSURKekNDQWcrZ0F3SUJBZ0lDQm5Vd0RRWUpLb1pJaHZjTkFRRUxCUUF3TXpFVk1CTUdBMVVFQ2hNTVJHbG4KYVhSaGJFOWpaV0Z1TVJvd0dBWURWUVFERXhGck9ITmhZWE1nUTJ4MWMzUmxjaUJEUVRBZUZ3MHlNakV3TWpFeQpNVFF4TVRkYUZ3MDBNakV3TWpFeU1UUXhNVGRhTURNeEZUQVRCZ05WQkFvVERFUnBaMmwwWVd4UFkyVmhiakVhCk1CZ0dBMVVFQXhNUmF6aHpZV0Z6SUVOc2RYTjBaWElnUTBFd2dnRWlNQTBHQ1NxR1NJYjNEUUVCQVFVQUE0SUIKRHdBd2dnRUtBb0lCQVFETkNVN0ZXcUhtckVSZzdTRmZMYlBaaDdWS2hvbkpRSlB6dDhJNDN4VTlidEhjcWhhWAp2a3c4YnNycGVTVG5GditFbDFxM0NGdVhjK2JITVcwWld0ZGw3M3h2eEJJWVUyNTAwbEc0akZwa1JqTS9RaXE1CnZFdGFLQzM5SWxNTVRpT0p6SU01Skh0RUxJZ1VHWkY0TnRHV2dhQXc2bjlEc0NENUI5T0U1WVA5NmJnOHlNTEgKQWZrZ1ZxdU5oVEJMOFlPQUx0SUxKSStWZ2N2YnNqcHhCZXVXMHRnbjFCZVFTYkNzbFJYb3phTXVORFlmdEdleApsMmhKanV1MXl3NG1qc3Y4NTFNOEtQSkNONWxEVldSYXc0dlluZkNFWHNSOWFObXhjSkIwa2JtYlBob3pydWdjCmkyakNpdnR1dVFERlN2RDBZSDhzbThnU24reEx2R2ZUajRYOUFnTUJBQUdqUlRCRE1BNEdBMVVkRHdFQi93UUUKQXdJQmhqQVNCZ05WSFJNQkFmOEVDREFHQVFIL0FnRUFNQjBHQTFVZERnUVdCQlJsVWVLZlhjRm5ab3IvZjJJZApEZjQvOVM0NkJUQU5CZ2txaGtpRzl3MEJBUXNGQUFPQ0FRRUFUMnBhMUliYnRKVEk1aUYrSFF4YVpyZEszMzR4CmFoZG5aNDJYOTZnSk8rbUVKTXJrcnJqaEgxYXk5bWxUN3pWQWFHdkVaUFBWZHllL3JZby95a1pWaXdGNDBzTUkKY2pOYjVSOG5TWnMwYVFNWG0za1UrK3lVODFqVlN4NWdpRm9ML2IzQktaekJteWQ2L3BvWlIyclV0UEtYWXBSUQpIWUFUdXoxeTcvVGVleUpDZVI5QzZvWjJveE9XSTYyN3FSd0pUM0FybjdJeE1vMkRJVVF2S1hwWmgzZk1MWUhSCllqaVUxQ2lFcS9aSHhNdDRwS1pNMFp1S282UjkxMmEwVm5Yc2pNWm1ISnYzMmttTFVHVG5ZUWpTdXJQcHBGSUgKbmNzOEtVV2p3NU0wbFJBZzRTVmErOVlhRGlGZGdneUY2YVIxZEExMlEvcCs3eVZsV1huYzk0bHB2QT09Ci0tLS0tRU5EIENFUlRJRklDQVRFLS0tLS0K",
                "expires_at": "2022-10-28T21:46:03Z",
                "host": "https://d9683081-a95e-473d-8dd8-b624b148f10c.k8s.ondigitalocean.com",
                "raw_config": "apiVersion: v1\nkind: Config\nclusters:\n- cluster:\n    certificate-authority-data: LS0tLS1CRUdJTiBDRVJUSUZJQ0FURS0tLS0tCk1JSURKekNDQWcrZ0F3SUJBZ0lDQm5Vd0RRWUpLb1pJaHZjTkFRRUxCUUF3TXpFVk1CTUdBMVVFQ2hNTVJHbG4KYVhSaGJFOWpaV0Z1TVJvd0dBWURWUVFERXhGck9ITmhZWE1nUTJ4MWMzUmxjaUJEUVRBZUZ3MHlNakV3TWpFeQpNVFF4TVRkYUZ3MDBNakV3TWpFeU1UUXhNVGRhTURNeEZUQVRCZ05WQkFvVERFUnBaMmwwWVd4UFkyVmhiakVhCk1CZ0dBMVVFQXhNUmF6aHpZV0Z6SUVOc2RYTjBaWElnUTBFd2dnRWlNQTBHQ1NxR1NJYjNEUUVCQVFVQUE0SUIKRHdBd2dnRUtBb0lCQVFETkNVN0ZXcUhtckVSZzdTRmZMYlBaaDdWS2hvbkpRSlB6dDhJNDN4VTlidEhjcWhhWAp2a3c4YnNycGVTVG5GditFbDFxM0NGdVhjK2JITVcwWld0ZGw3M3h2eEJJWVUyNTAwbEc0akZwa1JqTS9RaXE1CnZFdGFLQzM5SWxNTVRpT0p6SU01Skh0RUxJZ1VHWkY0TnRHV2dhQXc2bjlEc0NENUI5T0U1WVA5NmJnOHlNTEgKQWZrZ1ZxdU5oVEJMOFlPQUx0SUxKSStWZ2N2YnNqcHhCZXVXMHRnbjFCZVFTYkNzbFJYb3phTXVORFlmdEdleApsMmhKanV1MXl3NG1qc3Y4NTFNOEtQSkNONWxEVldSYXc0dlluZkNFWHNSOWFObXhjSkIwa2JtYlBob3pydWdjCmkyakNpdnR1dVFERlN2RDBZSDhzbThnU24reEx2R2ZUajRYOUFnTUJBQUdqUlRCRE1BNEdBMVVkRHdFQi93UUUKQXdJQmhqQVNCZ05WSFJNQkFmOEVDREFHQVFIL0FnRUFNQjBHQTFVZERnUVdCQlJsVWVLZlhjRm5ab3IvZjJJZApEZjQvOVM0NkJUQU5CZ2txaGtpRzl3MEJBUXNGQUFPQ0FRRUFUMnBhMUliYnRKVEk1aUYrSFF4YVpyZEszMzR4CmFoZG5aNDJYOTZnSk8rbUVKTXJrcnJqaEgxYXk5bWxUN3pWQWFHdkVaUFBWZHllL3JZby95a1pWaXdGNDBzTUkKY2pOYjVSOG5TWnMwYVFNWG0za1UrK3lVODFqVlN4NWdpRm9ML2IzQktaekJteWQ2L3BvWlIyclV0UEtYWXBSUQpIWUFUdXoxeTcvVGVleUpDZVI5QzZvWjJveE9XSTYyN3FSd0pUM0FybjdJeE1vMkRJVVF2S1hwWmgzZk1MWUhSCllqaVUxQ2lFcS9aSHhNdDRwS1pNMFp1S282UjkxMmEwVm5Yc2pNWm1ISnYzMmttTFVHVG5ZUWpTdXJQcHBGSUgKbmNzOEtVV2p3NU0wbFJBZzRTVmErOVlhRGlGZGdneUY2YVIxZEExMlEvcCs3eVZsV1huYzk0bHB2QT09Ci0tLS0tRU5EIENFUlRJRklDQVRFLS0tLS0K\n    server: https://d9683081-a95e-473d-8dd8-b624b148f10c.k8s.ondigitalocean.com\n  name: do-nyc1-elite\ncontexts:\n- context:\n    cluster: do-nyc1-elite\n    user: do-nyc1-elite-admin\n  name: do-nyc1-elite\ncurrent-context: do-nyc1-elite\nusers:\n- name: do-nyc1-elite-admin\n  user:\n    token: dop_v1_19865e23cde47704059c47ed67f9aa93fd206469750308caa971bd1d5355b167\n",
                "token": "dop_v1_19865e23cde47704059c47ed67f9aa93fd206469750308caa971bd1d5355b167"
              }
            ],
            "maintenance_policy": [
              {
                "day": "any",
                "duration": "4h0m0s",
                "start_time": "4:00"
              }
            ],
            "name": "elite",
            "node_pool": [
              {
                "actual_node_count": 2,
                "auto_scale": false,
                "id": "ba308be2-36d7-4b76-9faa-776f1730803b",
                "labels": null,
                "max_nodes": 0,
                "min_nodes": 0,
                "name": "elite-pool",
                "node_count": 2,
                "nodes": [
                  {
                    "created_at": "2022-10-21 21:41:12 +0000 UTC",
                    "droplet_id": "322263392",
                    "id": "7e85ec2f-7e47-463f-b61a-3bec4c195956",
                    "name": "elite-pool-7dune",
                    "status": "running",
                    "updated_at": "2022-10-21 21:42:38 +0000 UTC"
                  },
                  {
                    "created_at": "2022-10-21 21:41:12 +0000 UTC",
                    "droplet_id": "322263393",
                    "id": "cd5014b3-946b-4be7-80f2-03e62f39cc04",
                    "name": "elite-pool-7duna",
                    "status": "running",
                    "updated_at": "2022-10-21 21:42:38 +0000 UTC"
                  }
                ],
                "size": "s-2vcpu-2gb",
                "tags": null,
                "taint": []
              }
            ],
            "region": "nyc1",
            "service_subnet": "10.245.0.0/16",
            "status": "running",
            "surge_upgrade": true,
            "tags": null,
            "timeouts": null,
            "updated_at": "2022-10-21 21:45:57 +0000 UTC",
            "urn": "do:kubernetes:d9683081-a95e-473d-8dd8-b624b148f10c",
            "version": "1.24.4-do.0",
            "vpc_uuid": "1c4fbe94-b2b6-4287-ab7a-39a918941cbf"
          },
          "sensitive_attributes": [],
          "private": "eyJlMmJmYjczMC1lY2FhLTExZTYtOGY4OC0zNDM2M2JjN2M0YzAiOnsiY3JlYXRlIjoxODAwMDAwMDAwMDAwfSwic2NoZW1hX3ZlcnNpb24iOiIzIn0="
        }
      ]
    },
    {
      "mode": "managed",
      "type": "local_file",
      "name": "foo",
      "provider": "provider[\"registry.terraform.io/hashicorp/local\"]",
      "instances": [
        {
          "schema_version": 0,
          "attributes": {
            "content": "digitalocean_kubernetes_cluster.k8s.kube_config.0.raw_config",
            "content_base64": null,
            "directory_permission": "0777",
            "file_permission": "0777",
            "filename": "kube_config.yaml",
            "id": "07b3787bec48171d564558e469bee1efc2373c04",
            "sensitive_content": null,
            "source": null
          },
          "sensitive_attributes": [],
          "private": "bnVsbA=="
        }
      ]
    }
  ],
  "check_results": []
}
